
Microsoft Visual Studio Solution File, Format Version 12.00
# Visual Studio Version 17
VisualStudioVersion = 17.13.35931.197
MinimumVisualStudioVersion = 10.0.40219.1
Project("{FAE04EC0-301F-11D3-BF4B-00C04F79EFBC}") = "ClashZone", "ClashZone.csproj", "{2570A67E-1054-42D2-BFFF-7BAAC162A23D}"
EndProject
Project("{FAE04EC0-301F-11D3-BF4B-00C04F79EFBC}") = "ClashZone.DataAccess", "..\DataAccess\ClashZone.DataAccess.csproj", "{9B2F4077-9D16-4B9E-9B78-722392B7F730}"
EndProject
Global
	GlobalSection(SolutionConfigurationPlatforms) = preSolution
		Debug|Any CPU = Debug|Any CPU
		Release|Any CPU = Release|Any CPU
	EndGlobalSection
	GlobalSection(ProjectConfigurationPlatforms) = postSolution
		{2570A67E-1054-42D2-BFFF-7BAAC162A23D}.Debug|Any CPU.ActiveCfg = Debug|Any CPU
		{2570A67E-1054-42D2-BFFF-7BAAC162A23D}.Debug|Any CPU.Build.0 = Debug|Any CPU
		{2570A67E-1054-42D2-BFFF-7BAAC162A23D}.Release|Any CPU.ActiveCfg = Release|Any CPU
		{2570A67E-1054-42D2-BFFF-7BAAC162A23D}.Release|Any CPU.Build.0 = Release|Any CPU
		{9B2F4077-9D16-4B9E-9B78-722392B7F730}.Debug|Any CPU.ActiveCfg = Debug|Any CPU
		{9B2F4077-9D16-4B9E-9B78-722392B7F730}.Debug|Any CPU.Build.0 = Debug|Any CPU
		{9B2F4077-9D16-4B9E-9B78-722392B7F730}.Release|Any CPU.ActiveCfg = Release|Any CPU
		{9B2F4077-9D16-4B9E-9B78-722392B7F730}.Release|Any CPU.Build.0 = Release|Any CPU
	EndGlobalSection
	GlobalSection(SolutionProperties) = preSolution
		HideSolutionNode = FALSE
	EndGlobalSection
	GlobalSection(ExtensibilityGlobals) = postSolution
		SolutionGuid = {C2DA45A2-6810-4E60-9F2B-C7BDFA173986}
	EndGlobalSection
EndGlobal
